
Microsoft Visual Studio Solution File, Format Version 12.00
# Visual Studio Version 17
VisualStudioVersion = 17.9.34714.143
MinimumVisualStudioVersion = 10.0.40219.1
Project("{9A19103F-16F7-4668-BE54-9A1E7A4F7556}") = "motorcontrolfunctionappV420240317141003", "motorcontrolfunctionappV420240317141003.csproj", "{C4AE72BA-E01B-483F-B5E2-6F7F7ED90F44}"
EndProject
Global
	GlobalSection(SolutionConfigurationPlatforms) = preSolution
		Debug|Any CPU = Debug|Any CPU
		Release|Any CPU = Release|Any CPU
	EndGlobalSection
	GlobalSection(ProjectConfigurationPlatforms) = postSolution
		{C4AE72BA-E01B-483F-B5E2-6F7F7ED90F44}.Debug|Any CPU.ActiveCfg = Debug|Any CPU
		{C4AE72BA-E01B-483F-B5E2-6F7F7ED90F44}.Debug|Any CPU.Build.0 = Debug|Any CPU
		{C4AE72BA-E01B-483F-B5E2-6F7F7ED90F44}.Release|Any CPU.ActiveCfg = Release|Any CPU
		{C4AE72BA-E01B-483F-B5E2-6F7F7ED90F44}.Release|Any CPU.Build.0 = Release|Any CPU
	EndGlobalSection
	GlobalSection(SolutionProperties) = preSolution
		HideSolutionNode = FALSE
	EndGlobalSection
	GlobalSection(ExtensibilityGlobals) = postSolution
		SolutionGuid = {05B62524-D527-469A-BF9E-F7D04B8F2F30}
	EndGlobalSection
EndGlobal
